
Microsoft Visual Studio Solution File, Format Version 12.00
# Visual Studio Version 17
VisualStudioVersion = 17.14.36414.22 d17.14
MinimumVisualStudioVersion = 10.0.40219.1
Project("{FAE04EC0-301F-11D3-BF4B-00C04F79EFBC}") = "CellularLife", "CellularLife\CellularLife.csproj", "{5C0A8DCF-90EA-4DFC-B2CE-037841880F7F}"
EndProject
Global
	GlobalSection(SolutionConfigurationPlatforms) = preSolution
		Debug|Any CPU = Debug|Any CPU
		Release|Any CPU = Release|Any CPU
	EndGlobalSection
	GlobalSection(ProjectConfigurationPlatforms) = postSolution
		{5C0A8DCF-90EA-4DFC-B2CE-037841880F7F}.Debug|Any CPU.ActiveCfg = Debug|Any CPU
		{5C0A8DCF-90EA-4DFC-B2CE-037841880F7F}.Debug|Any CPU.Build.0 = Debug|Any CPU
		{5C0A8DCF-90EA-4DFC-B2CE-037841880F7F}.Release|Any CPU.ActiveCfg = Release|Any CPU
		{5C0A8DCF-90EA-4DFC-B2CE-037841880F7F}.Release|Any CPU.Build.0 = Release|Any CPU
	EndGlobalSection
	GlobalSection(SolutionProperties) = preSolution
		HideSolutionNode = FALSE
	EndGlobalSection
	GlobalSection(ExtensibilityGlobals) = postSolution
		SolutionGuid = {5ED3A917-45A1-4AD7-8CE7-96017674DE0C}
	EndGlobalSection
EndGlobal
